// !$*UTF8*$!
{
	archiveVersion = 1;
	classes = {
	};
	objectVersion = 77;
	objects = {

/* Begin PBXContainerItemProxy section */
		8E5CA85E2F0E8D1100C95DFE /* PBXContainerItemProxy */ = {
			isa = PBXContainerItemProxy;
			containerPortal = 8E5CA8482F0E8D1000C95DFE /* Project object */;
			proxyType = 1;
			remoteGlobalIDString = 8E5CA84F2F0E8D1000C95DFE;
			remoteInfo = ProjectAlpha;
		};
		8E5CA8682F0E8D1100C95DFE /* PBXContainerItemProxy */ = {
			isa = PBXContainerItemProxy;
			containerPortal = 8E5CA8482F0E8D1000C95DFE /* Project object */;
			proxyType = 1;
			remoteGlobalIDString = 8E5CA84F2F0E8D1000C95DFE;
			remoteInfo = ProjectAlpha;
		};
/* End PBXContainerItemProxy section */

/* Begin PBXFileReference section */
		8E5CA8502F0E8D1000C95DFE /* ProjectAlpha.app */ = {isa = PBXFileReference; explicitFileType = wrapper.application; includeInIndex = 0; path = ProjectAlpha.app; sourceTree = BUILT_PRODUCTS_DIR; };
		8E5CA85D2F0E8D1100C95DFE /* ProjectAlphaTests.xctest */ = {isa = PBXFileReference; explicitFileType = wrapper.cfbundle; includeInIndex = 0; path = ProjectAlphaTests.xctest; sourceTree = BUILT_PRODUCTS_DIR; };
		8E5CA8672F0E8D1100C95DFE /* ProjectAlphaUITests.xctest */ = {isa = PBXFileReference; explicitFileType = wrapper.cfbundle; includeInIndex = 0; path = ProjectAlphaUITests.xctest; sourceTree = BUILT_PRODUCTS_DIR; };
/* End PBXFileReference section */

/* Begin PBXFileSystemSynchronizedRootGroup section */
		8E5CA8522F0E8D1000C95DFE /* ProjectAlpha */ = {
			isa = PBXFileSystemSynchronizedRootGroup;
			path = ProjectAlpha;
			sourceTree = "<group>";
		};
		8E5CA8602F0E8D1100C95DFE /* ProjectAlphaTests */ = {
			isa = PBXFileSystemSynchronizedRootGroup;
			path = ProjectAlphaTests;
			sourceTree = "<group>";
		};
		8E5CA86A2F0E8D1100C95DFE /* ProjectAlphaUITests */ = {
			isa = PBXFileSystemSynchronizedRootGroup;
			path = ProjectAlphaUITests;
			sourceTree = "<group>";
		};
/* End PBXFileSystemSynchronizedRootGroup section */

/* Begin PBXFrameworksBuildPhase section */
		8E5CA84D2F0E8D1000C95DFE /* Frameworks */ = {
			isa = PBXFrameworksBuildPhase;
			buildActionMask = 2147483647;
			files = (
			);
			runOnlyForDeploymentPostprocessing = 0;
		};
		8E5CA85A2F0E8D1100C95DFE /* Frameworks */ = {
			isa = PBXFrameworksBuildPhase;
			buildActionMask = 2147483647;
			files = (
			);
			runOnlyForDeploymentPostprocessing = 0;
		};
		8E5CA8642F0E8D1100C95DFE /* Frameworks */ = {
			isa = PBXFrameworksBuildPhase;
			buildActionMask = 2147483647;
			files = (
			);
			runOnlyForDeploymentPostprocessing = 0;
		};
/* End PBXFrameworksBuildPhase section */

/* Begin PBXGroup section */
		8E5CA8472F0E8D1000C95DFE = {
			isa = PBXGroup;
			children = (
				8E5CA8522F0E8D1000C95DFE /* ProjectAlpha */,
				8E5CA8602F0E8D1100C95DFE /* ProjectAlphaTests */,
				8E5CA86A2F0E8D1100C95DFE /* ProjectAlphaUITests */,
				8E5CA8512F0E8D1000C95DFE /* Products */,
			);
			sourceTree = "<group>";
		};
		8E5CA8512F0E8D1000C95DFE /* Products */ = {
			isa = PBXGroup;
			children = (
				8E5CA8502F0E8D1000C95DFE /* ProjectAlpha.app */,
				8E5CA85D2F0E8D1100C95DFE /* ProjectAlphaTests.xctest */,
				8E5CA8672F0E8D1100C95DFE /* ProjectAlphaUITests.xctest */,
			);
			name = Products;
			sourceTree = "<group>";
		};
/* End PBXGroup section */

/* Begin PBXNativeTarget section */
		8E5CA84F2F0E8D1000C95DFE /* ProjectAlpha */ = {
			isa = PBXNativeTarget;
			buildConfigurationList = 8E5CA8712F0E8D1100C95DFE /* Build configuration list for PBXNativeTarget "ProjectAlpha" */;
			buildPhases = (
				8E5CA84C2F0E8D1000C95DFE /* Sources */,
				8E5CA84D2F0E8D1000C95DFE /* Frameworks */,
				8E5CA84E2F0E8D1000C95DFE /* Resources */,
			);
			buildRules = (
			);
			dependencies = (
			);
			fileSystemSynchronizedGroups = (
				8E5CA8522F0E8D1000C95DFE /* ProjectAlpha */,
			);
			name = ProjectAlpha;
			packageProductDependencies = (
			);
			productName = ProjectAlpha;
			productReference = 8E5CA8502F0E8D1000C95DFE /* ProjectAlpha.app */;
			productType = "com.apple.product-type.application";
		};
		8E5CA85C2F0E8D1100C95DFE /* ProjectAlphaTests */ = {
			isa = PBXNativeTarget;
			buildConfigurationList = 8E5CA8742F0E8D1100C95DFE /* Build configuration list for PBXNativeTarget "ProjectAlphaTests" */;
			buildPhases = (
				8E5CA8592F0E8D1100C95DFE /* Sources */,
				8E5CA85A2F0E8D1100C95DFE /* Frameworks */,
				8E5CA85B2F0E8D1100C95DFE /* Resources */,
			);
			buildRules = (
			);
			dependencies = (
				8E5CA85F2F0E8D1100C95DFE /* PBXTargetDependency */,
			);
			fileSystemSynchronizedGroups = (
				8E5CA8602F0E8D1100C95DFE /* ProjectAlphaTests */,
			);
			name = ProjectAlphaTests;
			packageProductDependencies = (
			);
			productName = ProjectAlphaTests;
			productReference = 8E5CA85D2F0E8D1100C95DFE /* ProjectAlphaTests.xctest */;
			productType = "com.apple.product-type.bundle.unit-test";
		};
		8E5CA8662F0E8D1100C95DFE /* ProjectAlphaUITests */ = {
			isa = PBXNativeTarget;
			buildConfigurationList = 8E5CA8772F0E8D1100C95DFE /* Build configuration list for PBXNativeTarget "ProjectAlphaUITests" */;
			buildPhases = (
				8E5CA8632F0E8D1100C95DFE /* Sources */,
				8E5CA8642F0E8D1100C95DFE /* Frameworks */,
				8E5CA8652F0E8D1100C95DFE /* Resources */,
			);
			buildRules = (
			);
			dependencies = (
				8E5CA8692F0E8D1100C95DFE /* PBXTargetDependency */,
			);
			fileSystemSynchronizedGroups = (
				8E5CA86A2F0E8D1100C95DFE /* ProjectAlphaUITests */,
			);
			name = ProjectAlphaUITests;
			packageProductDependencies = (
			);
			productName = ProjectAlphaUITests;
			productReference = 8E5CA8672F0E8D1100C95DFE /* ProjectAlphaUITests.xctest */;
			productType = "com.apple.product-type.bundle.ui-testing";
		};
/* End PBXNativeTarget section */

/* Begin PBXProject section */
		8E5CA8482F0E8D1000C95DFE /* Project object */ = {
			isa = PBXProject;
			attributes = {
				BuildIndependentTargetsInParallel = 1;
				LastSwiftUpdateCheck = 2610;
				LastUpgradeCheck = 2610;
				TargetAttributes = {
					8E5CA84F2F0E8D1000C95DFE = {
						CreatedOnToolsVersion = 26.1.1;
					};
					8E5CA85C2F0E8D1100C95DFE = {
						CreatedOnToolsVersion = 26.1.1;
						TestTargetID = 8E5CA84F2F0E8D1000C95DFE;
					};
					8E5CA8662F0E8D1100C95DFE = {
						CreatedOnToolsVersion = 26.1.1;
						TestTargetID = 8E5CA84F2F0E8D1000C95DFE;
					};
				};
			};
			buildConfigurationList = 8E5CA84B2F0E8D1000C95DFE /* Build configuration list for PBXProject "ProjectAlpha" */;
			developmentRegion = en;
			hasScannedForEncodings = 0;
			knownRegions = (
				en,
				Base,
			);
			mainGroup = 8E5CA8472F0E8D1000C95DFE;
			minimizedProjectReferenceProxies = 1;
			preferredProjectObjectVersion = 77;
			productRefGroup = 8E5CA8512F0E8D1000C95DFE /* Products */;
			projectDirPath = "";
			projectRoot = "";
			targets = (
				8E5CA84F2F0E8D1000C95DFE /* ProjectAlpha */,
				8E5CA85C2F0E8D1100C95DFE /* ProjectAlphaTests */,
				8E5CA8662F0E8D1100C95DFE /* ProjectAlphaUITests */,
			);
		};
/* End PBXProject section */

/* Begin PBXResourcesBuildPhase section */
		8E5CA84E2F0E8D1000C95DFE /* Resources */ = {
			isa = PBXResourcesBuildPhase;
			buildActionMask = 2147483647;
			files = (
			);
			runOnlyForDeploymentPostprocessing = 0;
		};
		8E5CA85B2F0E8D1100C95DFE /* Resources */ = {
			isa = PBXResourcesBuildPhase;
			buildActionMask = 2147483647;
			files = (
			);
			runOnlyForDeploymentPostprocessing = 0;
		};
		8E5CA8652F0E8D1100C95DFE /* Resources */ = {
			isa = PBXResourcesBuildPhase;
			buildActionMask = 2147483647;
			files = (
			);
			runOnlyForDeploymentPostprocessing = 0;
		};
/* End PBXResourcesBuildPhase section */

/* Begin PBXSourcesBuildPhase section */
		8E5CA84C2F0E8D1000C95DFE /* Sources */ = {
			isa = PBXSourcesBuildPhase;
			buildActionMask = 2147483647;
			files = (
			);
			runOnlyForDeploymentPostprocessing = 0;
		};
		8E5CA8592F0E8D1100C95DFE /* Sources */ = {
			isa = PBXSourcesBuildPhase;
			buildActionMask = 2147483647;
			files = (
			);
			runOnlyForDeploymentPostprocessing = 0;
		};
		8E5CA8632F0E8D1100C95DFE /* Sources */ = {
			isa = PBXSourcesBuildPhase;
			buildActionMask = 2147483647;
			files = (
			);
			runOnlyForDeploymentPostprocessing = 0;
		};
/* End PBXSourcesBuildPhase section */

/* Begin PBXTargetDependency section */
		8E5CA85F2F0E8D1100C95DFE /* PBXTargetDependency */ = {
			isa = PBXTargetDependency;
			target = 8E5CA84F2F0E8D1000C95DFE /* ProjectAlpha */;
			targetProxy = 8E5CA85E2F0E8D1100C95DFE /* PBXContainerItemProxy */;
		};
		8E5CA8692F0E8D1100C95DFE /* PBXTargetDependency */ = {
			isa = PBXTargetDependency;
			target = 8E5CA84F2F0E8D1000C95DFE /* ProjectAlpha */;
			targetProxy = 8E5CA8682F0E8D1100C95DFE /* PBXContainerItemProxy */;
		};
/* End PBXTargetDependency section */

/* Begin XCBuildConfiguration section */
		8E5CA86F2F0E8D1100C95DFE /* Debug */ = {
			isa = XCBuildConfiguration;
			buildSettings = {
				ALWAYS_SEARCH_USER_PATHS = NO;
				ASSETCATALOG_COMPILER_GENERATE_SWIFT_ASSET_SYMBOL_EXTENSIONS = YES;
				CLANG_ANALYZER_NONNULL = YES;
				CLANG_ANALYZER_NUMBER_OBJECT_CONVERSION = YES_AGGRESSIVE;
				CLANG_CXX_LANGUAGE_STANDARD = "gnu++20";
				CLANG_ENABLE_MODULES = YES;
				CLANG_ENABLE_OBJC_ARC = YES;
				CLANG_ENABLE_OBJC_WEAK = YES;
				CLANG_WARN_BLOCK_CAPTURE_AUTORELEASING = YES;
				CLANG_WARN_BOOL_CONVERSION = YES;
				CLANG_WARN_COMMA = YES;
				CLANG_WARN_CONSTANT_CONVERSION = YES;
				CLANG_WARN_DEPRECATED_OBJC_IMPLEMENTATIONS = YES;
				CLANG_WARN_DIRECT_OBJC_ISA_USAGE = YES_ERROR;
				CLANG_WARN_DOCUMENTATION_COMMENTS = YES;
				CLANG_WARN_EMPTY_BODY = YES;
				CLANG_WARN_ENUM_CONVERSION = YES;
				CLANG_WARN_INFINITE_RECURSION = YES;
				CLANG_WARN_INT_CONVERSION = YES;
				CLANG_WARN_NON_LITERAL_NULL_CONVERSION = YES;
				CLANG_WARN_OBJC_IMPLICIT_RETAIN_SELF = YES;
				CLANG_WARN_OBJC_LITERAL_CONVERSION = YES;
				CLANG_WARN_OBJC_ROOT_CLASS = YES_ERROR;
				CLANG_WARN_QUOTED_INCLUDE_IN_FRAMEWORK_HEADER = YES;
				CLANG_WARN_RANGE_LOOP_ANALYSIS = YES;
				CLANG_WARN_STRICT_PROTOTYPES = YES;
				CLANG_WARN_SUSPICIOUS_MOVE = YES;
				CLANG_WARN_UNGUARDED_AVAILABILITY = YES_AGGRESSIVE;
				CLANG_WARN_UNREACHABLE_CODE = YES;
				CLANG_WARN__DUPLICATE_METHOD_MATCH = YES;
				COPY_PHASE_STRIP = NO;
				DEBUG_INFORMATION_FORMAT = dwarf;
				DEVELOPMENT_TEAM = 3RZ4V2CJ68;
				ENABLE_STRICT_OBJC_MSGSEND = YES;
				ENABLE_TESTABILITY = YES;
				ENABLE_USER_SCRIPT_SANDBOXING = YES;
				GCC_C_LANGUAGE_STANDARD = gnu17;
				GCC_DYNAMIC_NO_PIC = NO;
				GCC_NO_COMMON_BLOCKS = YES;
				GCC_OPTIMIZATION_LEVEL = 0;
				GCC_PREPROCESSOR_DEFINITIONS = (
					"DEBUG=1",
					"$(inherited)",
				);
				GCC_WARN_64_TO_32_BIT_CONVERSION = YES;
				GCC_WARN_ABOUT_RETURN_TYPE = YES_ERROR;
				GCC_WARN_UNDECLARED_SELECTOR = YES;
				GCC_WARN_UNINITIALIZED_AUTOS = YES_AGGRESSIVE;
				GCC_WARN_UNUSED_FUNCTION = YES;
				GCC_WARN_UNUSED_VARIABLE = YES;
				IPHONEOS_DEPLOYMENT_TARGET = 26.1;
				LOCALIZATION_PREFERS_STRING_CATALOGS = YES;
				MTL_ENABLE_DEBUG_INFO = INCLUDE_SOURCE;
				MTL_FAST_MATH = YES;
				ONLY_ACTIVE_ARCH = YES;
				SDKROOT = iphoneos;
				SWIFT_ACTIVE_COMPILATION_CONDITIONS = "DEBUG $(inherited)";
				SWIFT_OPTIMIZATION_LEVEL = "-Onone";
			};
			name = Debug;
		};
		8E5CA8702F0E8D1100C95DFE /* Release */ = {
			isa = XCBuildConfiguration;
			buildSettings = {
				ALWAYS_SEARCH_USER_PATHS = NO;
				ASSETCATALOG_COMPILER_GENERATE_SWIFT_ASSET_SYMBOL_EXTENSIONS = YES;
				CLANG_ANALYZER_NONNULL = YES;
				CLANG_ANALYZER_NUMBER_OBJECT_CONVERSION = YES_AGGRESSIVE;
				CLANG_CXX_LANGUAGE_STANDARD = "gnu++20";
				CLANG_ENABLE_MODULES = YES;
				CLANG_ENABLE_OBJC_ARC = YES;
				CLANG_ENABLE_OBJC_WEAK = YES;
				CLANG_WARN_BLOCK_CAPTURE_AUTORELEASING = YES;
				CLANG_WARN_BOOL_CONVERSION = YES;
				CLANG_WARN_COMMA = YES;
				CLANG_WARN_CONSTANT_CONVERSION = YES;
				CLANG_WARN_DEPRECATED_OBJC_IMPLEMENTATIONS = YES;
				CLANG_WARN_DIRECT_OBJC_ISA_USAGE = YES_ERROR;
				CLANG_WARN_DOCUMENTATION_COMMENTS = YES;
				CLANG_WARN_EMPTY_BODY = YES;
				CLANG_WARN_ENUM_CONVERSION = YES;
				CLANG_WARN_INFINITE_RECURSION = YES;
				CLANG_WARN_INT_CONVERSION = YES;
				CLANG_WARN_NON_LITERAL_NULL_CONVERSION = YES;
				CLANG_WARN_OBJC_IMPLICIT_RETAIN_SELF = YES;
				CLANG_WARN_OBJC_LITERAL_CONVERSION = YES;
				CLANG_WARN_OBJC_ROOT_CLASS = YES_ERROR;
				CLANG_WARN_QUOTED_INCLUDE_IN_FRAMEWORK_HEADER = YES;
				CLANG_WARN_RANGE_LOOP_ANALYSIS = YES;
				CLANG_WARN_STRICT_PROTOTYPES = YES;
				CLANG_WARN_SUSPICIOUS_MOVE = YES;
				CLANG_WARN_UNGUARDED_AVAILABILITY = YES_AGGRESSIVE;
				CLANG_WARN_UNREACHABLE_CODE = YES;
				CLANG_WARN__DUPLICATE_METHOD_MATCH = YES;
				COPY_PHASE_STRIP = NO;
				DEBUG_INFORMATION_FORMAT = "dwarf-with-dsym";
				DEVELOPMENT_TEAM = 3RZ4V2CJ68;
				ENABLE_NS_ASSERTIONS = NO;
				ENABLE_STRICT_OBJC_MSGSEND = YES;
				ENABLE_USER_SCRIPT_SANDBOXING = YES;
				GCC_C_LANGUAGE_STANDARD = gnu17;
				GCC_NO_COMMON_BLOCKS = YES;
				GCC_WARN_64_TO_32_BIT_CONVERSION = YES;
				GCC_WARN_ABOUT_RETURN_TYPE = YES_ERROR;
				GCC_WARN_UNDECLARED_SELECTOR = YES;
				GCC_WARN_UNINITIALIZED_AUTOS = YES_AGGRESSIVE;
				GCC_WARN_UNUSED_FUNCTION = YES;
				GCC_WARN_UNUSED_VARIABLE = YES;
				IPHONEOS_DEPLOYMENT_TARGET = 26.1;
				LOCALIZATION_PREFERS_STRING_CATALOGS = YES;
				MTL_ENABLE_DEBUG_INFO = NO;
				MTL_FAST_MATH = YES;
				SDKROOT = iphoneos;
				SWIFT_COMPILATION_MODE = wholemodule;
				VALIDATE_PRODUCT = YES;
			};
			name = Release;
		};
		8E5CA8722F0E8D1100C95DFE /* Debug */ = {
			isa = XCBuildConfiguration;
			buildSettings = {
				ASSETCATALOG_COMPILER_APPICON_NAME = AppIcon;
				ASSETCATALOG_COMPILER_GLOBAL_ACCENT_COLOR_NAME = AccentColor;
				CODE_SIGN_STYLE = Automatic;
				CURRENT_PROJECT_VERSION = 1;
				DEVELOPMENT_TEAM = 3RZ4V2CJ68;
				ENABLE_PREVIEWS = YES;
				GENERATE_INFOPLIST_FILE = YES;
				INFOPLIST_KEY_UIApplicationSceneManifest_Generation = YES;
				INFOPLIST_KEY_UIApplicationSupportsIndirectInputEvents = YES;
				INFOPLIST_KEY_UILaunchScreen_Generation = YES;
				INFOPLIST_KEY_UISupportedInterfaceOrientations_iPad = "UIInterfaceOrientationPortrait UIInterfaceOrientationPortraitUpsideDown UIInterfaceOrientationLandscapeLeft UIInterfaceOrientationLandscapeRight";
				INFOPLIST_KEY_UISupportedInterfaceOrientations_iPhone = "UIInterfaceOrientationPortrait UIInterfaceOrientationLandscapeLeft UIInterfaceOrientationLandscapeRight";
				LD_RUNPATH_SEARCH_PATHS = (
					"$(inherited)",
					"@executable_path/Frameworks",
				);
				MARKETING_VERSION = 1.0;
				PRODUCT_BUNDLE_IDENTIFIER = com.flow.ProjectAlpha;
				PRODUCT_NAME = "$(TARGET_NAME)";
				STRING_CATALOG_GENERATE_SYMBOLS = YES;
				SWIFT_APPROACHABLE_CONCURRENCY = YES;
				SWIFT_DEFAULT_ACTOR_ISOLATION = MainActor;
				SWIFT_EMIT_LOC_STRINGS = YES;
				SWIFT_UPCOMING_FEATURE_MEMBER_IMPORT_VISIBILITY = YES;
				SWIFT_VERSION = 5.0;
				TARGETED_DEVICE_FAMILY = "1,2";
			};
			name = Debug;
		};
		8E5CA8732F0E8D1100C95DFE /* Release */ = {
			isa = XCBuildConfiguration;
			buildSettings = {
				ASSETCATALOG_COMPILER_APPICON_NAME = AppIcon;
				ASSETCATALOG_COMPILER_GLOBAL_ACCENT_COLOR_NAME = AccentColor;
				CODE_SIGN_STYLE = Automatic;
				CURRENT_PROJECT_VERSION = 1;
				DEVELOPMENT_TEAM = 3RZ4V2CJ68;
				ENABLE_PREVIEWS = YES;
				GENERATE_INFOPLIST_FILE = YES;
				INFOPLIST_KEY_UIApplicationSceneManifest_Generation = YES;
				INFOPLIST_KEY_UIApplicationSupportsIndirectInputEvents = YES;
				INFOPLIST_KEY_UILaunchScreen_Generation = YES;
				INFOPLIST_KEY_UISupportedInterfaceOrientations_iPad = "UIInterfaceOrientationPortrait UIInterfaceOrientationPortraitUpsideDown UIInterfaceOrientationLandscapeLeft UIInterfaceOrientationLandscapeRight";
				INFOPLIST_KEY_UISupportedInterfaceOrientations_iPhone = "UIInterfaceOrientationPortrait UIInterfaceOrientationLandscapeLeft UIInterfaceOrientationLandscapeRight";
				LD_RUNPATH_SEARCH_PATHS = (
					"$(inherited)",
					"@executable_path/Frameworks",
				);
				MARKETING_VERSION = 1.0;
				PRODUCT_BUNDLE_IDENTIFIER = com.flow.ProjectAlpha;
				PRODUCT_NAME = "$(TARGET_NAME)";
				STRING_CATALOG_GENERATE_SYMBOLS = YES;
				SWIFT_APPROACHABLE_CONCURRENCY = YES;
				SWIFT_DEFAULT_ACTOR_ISOLATION = MainActor;
				SWIFT_EMIT_LOC_STRINGS = YES;
				SWIFT_UPCOMING_FEATURE_MEMBER_IMPORT_VISIBILITY = YES;
				SWIFT_VERSION = 5.0;
				TARGETED_DEVICE_FAMILY = "1,2";
			};
			name = Release;
		};
		8E5CA8752F0E8D1100C95DFE /* Debug */ = {
			isa = XCBuildConfiguration;
			buildSettings = {
				BUNDLE_LOADER = "$(TEST_HOST)";
				CODE_SIGN_STYLE = Automatic;
				CURRENT_PROJECT_VERSION = 1;
				DEVELOPMENT_TEAM = 3RZ4V2CJ68;
				GENERATE_INFOPLIST_FILE = YES;
				IPHONEOS_DEPLOYMENT_TARGET = 26.1;
				MARKETING_VERSION = 1.0;
				PRODUCT_BUNDLE_IDENTIFIER = com.flow.ProjectAlphaTests;
				PRODUCT_NAME = "$(TARGET_NAME)";
				STRING_CATALOG_GENERATE_SYMBOLS = NO;
				SWIFT_APPROACHABLE_CONCURRENCY = YES;
				SWIFT_EMIT_LOC_STRINGS = NO;
				SWIFT_UPCOMING_FEATURE_MEMBER_IMPORT_VISIBILITY = YES;
				SWIFT_VERSION = 5.0;
				TARGETED_DEVICE_FAMILY = "1,2";
				TEST_HOST = "$(BUILT_PRODUCTS_DIR)/ProjectAlpha.app/$(BUNDLE_EXECUTABLE_FOLDER_PATH)/ProjectAlpha";
			};
			name = Debug;
		};
		8E5CA8762F0E8D1100C95DFE /* Release */ = {
			isa = XCBuildConfiguration;
			buildSettings = {
				BUNDLE_LOADER = "$(TEST_HOST)";
				CODE_SIGN_STYLE = Automatic;
				CURRENT_PROJECT_VERSION = 1;
				DEVELOPMENT_TEAM = 3RZ4V2CJ68;
				GENERATE_INFOPLIST_FILE = YES;
				IPHONEOS_DEPLOYMENT_TARGET = 26.1;
				MARKETING_VERSION = 1.0;
				PRODUCT_BUNDLE_IDENTIFIER = com.flow.ProjectAlphaTests;
				PRODUCT_NAME = "$(TARGET_NAME)";
				STRING_CATALOG_GENERATE_SYMBOLS = NO;
				SWIFT_APPROACHABLE_CONCURRENCY = YES;
				SWIFT_EMIT_LOC_STRINGS = NO;
				SWIFT_UPCOMING_FEATURE_MEMBER_IMPORT_VISIBILITY = YES;
				SWIFT_VERSION = 5.0;
				TARGETED_DEVICE_FAMILY = "1,2";
				TEST_HOST = "$(BUILT_PRODUCTS_DIR)/ProjectAlpha.app/$(BUNDLE_EXECUTABLE_FOLDER_PATH)/ProjectAlpha";
			};
			name = Release;
		};
		8E5CA8782F0E8D1100C95DFE /* Debug */ = {
			isa = XCBuildConfiguration;
			buildSettings = {
				CODE_SIGN_STYLE = Automatic;
				CURRENT_PROJECT_VERSION = 1;
				DEVELOPMENT_TEAM = 3RZ4V2CJ68;
				GENERATE_INFOPLIST_FILE = YES;
				MARKETING_VERSION = 1.0;
				PRODUCT_BUNDLE_IDENTIFIER = com.flow.ProjectAlphaUITests;
				PRODUCT_NAME = "$(TARGET_NAME)";
				STRING_CATALOG_GENERATE_SYMBOLS = NO;
				SWIFT_APPROACHABLE_CONCURRENCY = YES;
				SWIFT_EMIT_LOC_STRINGS = NO;
				SWIFT_UPCOMING_FEATURE_MEMBER_IMPORT_VISIBILITY = YES;
				SWIFT_VERSION = 5.0;
				TARGETED_DEVICE_FAMILY = "1,2";
				TEST_TARGET_NAME = ProjectAlpha;
			};
			name = Debug;
		};
		8E5CA8792F0E8D1100C95DFE /* Release */ = {
			isa = XCBuildConfiguration;
			buildSettings = {
				CODE_SIGN_STYLE = Automatic;
				CURRENT_PROJECT_VERSION = 1;
				DEVELOPMENT_TEAM = 3RZ4V2CJ68;
				GENERATE_INFOPLIST_FILE = YES;
				MARKETING_VERSION = 1.0;
				PRODUCT_BUNDLE_IDENTIFIER = com.flow.ProjectAlphaUITests;
				PRODUCT_NAME = "$(TARGET_NAME)";
				STRING_CATALOG_GENERATE_SYMBOLS = NO;
				SWIFT_APPROACHABLE_CONCURRENCY = YES;
				SWIFT_EMIT_LOC_STRINGS = NO;
				SWIFT_UPCOMING_FEATURE_MEMBER_IMPORT_VISIBILITY = YES;
				SWIFT_VERSION = 5.0;
				TARGETED_DEVICE_FAMILY = "1,2";
				TEST_TARGET_NAME = ProjectAlpha;
			};
			name = Release;
		};
/* End XCBuildConfiguration section */

/* Begin XCConfigurationList section */
		8E5CA84B2F0E8D1000C95DFE /* Build configuration list for PBXProject "ProjectAlpha" */ = {
			isa = XCConfigurationList;
			buildConfigurations = (
				8E5CA86F2F0E8D1100C95DFE /* Debug */,
				8E5CA8702F0E8D1100C95DFE /* Release */,
			);
			defaultConfigurationIsVisible = 0;
			defaultConfigurationName = Release;
		};
		8E5CA8712F0E8D1100C95DFE /* Build configuration list for PBXNativeTarget "ProjectAlpha" */ = {
			isa = XCConfigurationList;
			buildConfigurations = (
				8E5CA8722F0E8D1100C95DFE /* Debug */,
				8E5CA8732F0E8D1100C95DFE /* Release */,
			);
			defaultConfigurationIsVisible = 0;
			defaultConfigurationName = Release;
		};
		8E5CA8742F0E8D1100C95DFE /* Build configuration list for PBXNativeTarget "ProjectAlphaTests" */ = {
			isa = XCConfigurationList;
			buildConfigurations = (
				8E5CA8752F0E8D1100C95DFE /* Debug */,
				8E5CA8762F0E8D1100C95DFE /* Release */,
			);
			defaultConfigurationIsVisible = 0;
			defaultConfigurationName = Release;
		};
		8E5CA8772F0E8D1100C95DFE /* Build configuration list for PBXNativeTarget "ProjectAlphaUITests" */ = {
			isa = XCConfigurationList;
			buildConfigurations = (
				8E5CA8782F0E8D1100C95DFE /* Debug */,
				8E5CA8792F0E8D1100C95DFE /* Release */,
			);
			defaultConfigurationIsVisible = 0;
			defaultConfigurationName = Release;
		};
/* End XCConfigurationList section */
	};
	rootObject = 8E5CA8482F0E8D1000C95DFE /* Project object */;
}
